
Microsoft Visual Studio Solution File, Format Version 12.00
Project("{FAE04EC0-301F-11D3-BF4B-00C04F79EFBC}") = "Long2Short", "Long2Short\Long2Short.csproj", "{F31B8E2B-593F-40CC-A3B2-56930B3E5006}"
EndProject
Global
	GlobalSection(SolutionConfigurationPlatforms) = preSolution
		Debug|Any CPU = Debug|Any CPU
		Release|Any CPU = Release|Any CPU
	EndGlobalSection
	GlobalSection(ProjectConfigurationPlatforms) = postSolution
		{F31B8E2B-593F-40CC-A3B2-56930B3E5006}.Debug|Any CPU.ActiveCfg = Debug|Any CPU
		{F31B8E2B-593F-40CC-A3B2-56930B3E5006}.Debug|Any CPU.Build.0 = Debug|Any CPU
		{F31B8E2B-593F-40CC-A3B2-56930B3E5006}.Release|Any CPU.ActiveCfg = Release|Any CPU
		{F31B8E2B-593F-40CC-A3B2-56930B3E5006}.Release|Any CPU.Build.0 = Release|Any CPU
	EndGlobalSection
EndGlobal
